# This file is automatically @generated by Cargo.
# It is not intended for manual editing.
version = 3

[[package]]
name = "anyhow"
version = "1.0.41"
source = "registry+https://github.com/rust-lang/crates.io-index"
checksum = "15af2628f6890fe2609a3b91bef4c83450512802e59489f9c1cb1fa5df064a61"

[[package]]
name = "cfg-if"
version = "1.0.0"
source = "registry+https://github.com/rust-lang/crates.io-index"
checksum = "baf1de4339761588bc0619e3cbc0120ee582ebb74b53b4efbf79117bd2da40fd"

[[package]]
name = "flags"
version = "0.1.0"
dependencies = [
 "witx-bindgen-rust",
]

[[package]]
name = "flags-main"
version = "0.1.0"
dependencies = [
 "witx-bindgen-rust",
]

[[package]]
name = "heck"
version = "0.3.3"
source = "registry+https://github.com/rust-lang/crates.io-index"
checksum = "6d621efb26863f0e9924c6ac577e8275e5e6b77455db64ffa6c65c904e9e132c"
dependencies = [
 "unicode-segmentation",
]

[[package]]
name = "id-arena"
version = "2.2.1"
source = "registry+https://github.com/rust-lang/crates.io-index"
checksum = "25a2bc672d1148e28034f176e01fffebb08b35768468cc954630da77a1449005"

[[package]]
name = "lazy_static"
version = "1.4.0"
source = "registry+https://github.com/rust-lang/crates.io-index"
checksum = "e2abad23fbc42b3700f2f279844dc832adb2b2eb069b2df918f455c4e18cc646"

[[package]]
name = "leb128"
version = "0.2.4"
source = "registry+https://github.com/rust-lang/crates.io-index"
checksum = "3576a87f2ba00f6f106fdfcd16db1d698d648a26ad8e0573cad8537c3c362d2a"

[[package]]
name = "lists"
version = "0.1.0"
dependencies = [
 "witx-bindgen-rust",
]

[[package]]
name = "lists-main"
version = "0.1.0"
dependencies = [
 "witx-bindgen-rust",
]

[[package]]
name = "log"
version = "0.4.14"
source = "registry+https://github.com/rust-lang/crates.io-index"
checksum = "51b9bbe6c47d51fc3e1a9b945965946b4c44142ab8792c50835a980d362c2710"
dependencies = [
 "cfg-if",
]

[[package]]
name = "proc-macro2"
version = "1.0.27"
source = "registry+https://github.com/rust-lang/crates.io-index"
checksum = "f0d8caf72986c1a598726adc988bb5984792ef84f5ee5aa50209145ee8077038"
dependencies = [
 "unicode-xid",
]

[[package]]
name = "quote"
version = "1.0.9"
source = "registry+https://github.com/rust-lang/crates.io-index"
checksum = "c3d0b9745dc2debf507c8422de05d7226cc1f0644216dfdfead988f9b1ab32a7"
dependencies = [
 "proc-macro2",
]

[[package]]
name = "records"
version = "0.1.0"
dependencies = [
 "witx-bindgen-rust",
]

[[package]]
name = "records-main"
version = "0.1.0"
dependencies = [
 "witx-bindgen-rust",
]

[[package]]
name = "resources"
version = "0.1.0"
dependencies = [
 "lazy_static",
 "witx-bindgen-rust",
]

[[package]]
name = "resources-main"
version = "0.1.0"
dependencies = [
 "witx-bindgen-rust",
]

[[package]]
name = "syn"
version = "1.0.73"
source = "registry+https://github.com/rust-lang/crates.io-index"
checksum = "f71489ff30030d2ae598524f61326b902466f72a0fb1a8564c001cc63425bcc7"
dependencies = [
 "proc-macro2",
 "quote",
 "unicode-xid",
]

[[package]]
name = "thiserror"
version = "1.0.25"
source = "registry+https://github.com/rust-lang/crates.io-index"
checksum = "fa6f76457f59514c7eeb4e59d891395fab0b2fd1d40723ae737d64153392e9c6"
dependencies = [
 "thiserror-impl",
]

[[package]]
name = "thiserror-impl"
version = "1.0.25"
source = "registry+https://github.com/rust-lang/crates.io-index"
checksum = "8a36768c0fbf1bb15eca10defa29526bda730a2376c2ab4393ccfa16fb1a318d"
dependencies = [
 "proc-macro2",
 "quote",
 "syn",
]

[[package]]
name = "types"
version = "0.1.0"
dependencies = [
 "witx-bindgen-rust",
]

[[package]]
name = "types-main"
version = "0.1.0"
dependencies = [
 "witx-bindgen-rust",
]

[[package]]
name = "unicode-segmentation"
version = "1.7.1"
source = "registry+https://github.com/rust-lang/crates.io-index"
checksum = "bb0d2e7be6ae3a5fa87eed5fb451aff96f2573d2694942e40543ae0bbe19c796"

[[package]]
name = "unicode-xid"
version = "0.2.2"
source = "registry+https://github.com/rust-lang/crates.io-index"
checksum = "8ccb82d61f80a663efe1f787a51b16b5a51e3314d6ac365b08639f52387b33f3"

[[package]]
name = "variants"
version = "0.1.0"
dependencies = [
 "witx-bindgen-rust",
]

[[package]]
name = "variants-main"
version = "0.1.0"
dependencies = [
 "witx-bindgen-rust",
]

[[package]]
name = "wast"
version = "33.0.0"
source = "registry+https://github.com/rust-lang/crates.io-index"
checksum = "1d04fe175c7f78214971293e7d8875673804e736092206a3a4544dbc12811c1b"
dependencies = [
 "leb128",
]

[[package]]
name = "witx"
version = "0.10.0"
source = "git+https://github.com/alexcrichton/WASI?branch=abi-next#70a8c6363fb26be655e59a2587bd191e7baee59b"
dependencies = [
 "anyhow",
 "log",
 "thiserror",
 "wast",
]

[[package]]
name = "witx-bindgen-gen-core"
version = "0.1.0"
dependencies = [
 "anyhow",
 "witx",
 "witx2",
]

[[package]]
name = "witx-bindgen-gen-rust"
version = "0.1.0"
dependencies = [
 "heck",
 "witx-bindgen-gen-core",
]

[[package]]
name = "witx-bindgen-gen-rust-wasm"
version = "0.1.0"
dependencies = [
 "heck",
 "witx-bindgen-gen-core",
 "witx-bindgen-gen-rust",
]

[[package]]
name = "witx-bindgen-rust"
version = "0.1.0"
dependencies = [
 "witx-bindgen-rust-impl",
]

[[package]]
name = "witx-bindgen-rust-impl"
version = "0.1.0"
dependencies = [
 "proc-macro2",
 "syn",
 "witx-bindgen-gen-core",
 "witx-bindgen-gen-rust-wasm",
]

[[package]]
name = "witx2"
version = "0.1.0"
dependencies = [
 "anyhow",
 "id-arena",
]
