
Microsoft Visual Studio Solution File, Format Version 12.00
# Visual Studio Version 17
VisualStudioVersion = 17.5.002.0
MinimumVisualStudioVersion = 10.0.40219.1
Project("{2150E333-8FDC-42A3-9474-1A3956D46DE8}") = "target", "target", "{979F46E5-969F-4F26-A8E6-A61792A0DF1C}"
EndProject
Project("{2150E333-8FDC-42A3-9474-1A3956D46DE8}") = "codegen-tests", "codegen-tests", "{F5EDC68C-7EB2-4166-8B6F-528E6E7164FC}"
EndProject
Project("{2150E333-8FDC-42A3-9474-1A3956D46DE8}") = "guest-csharp-char", "guest-csharp-char", "{55B91765-C249-4F25-A3C8-74B8EDEFDCA1}"
EndProject
Project("{9A19103F-16F7-4668-BE54-9A1E7A4F7556}") = "TheWorldWorld", "target\codegen-tests\guest-csharp-char\the_world\TheWorldWorld.csproj", "{AD17B238-D762-4E7D-AB0F-FCD933686804}"
EndProject
Project("{2150E333-8FDC-42A3-9474-1A3956D46DE8}") = "guest-csharp-conventions", "guest-csharp-conventions", "{41AF1562-059E-4A33-950D-90416EAB0454}"
EndProject
Project("{9A19103F-16F7-4668-BE54-9A1E7A4F7556}") = "TheWorldWorld", "target\codegen-tests\guest-csharp-conventions\the_world\TheWorldWorld.csproj", "{7CAF0FBE-EEA4-49DF-92EE-01649B22BF5B}"
EndProject
Project("{2150E333-8FDC-42A3-9474-1A3956D46DE8}") = "guest-csharp-empty", "guest-csharp-empty", "{59B5EA78-8EEE-4328-8AEA-54A9C6952D6C}"
EndProject
Project("{9A19103F-16F7-4668-BE54-9A1E7A4F7556}") = "TheWorldWorld", "target\codegen-tests\guest-csharp-empty\empty\TheWorldWorld.csproj", "{98044844-BBF2-4886-AAA7-288B58CFBF1E}"
EndProject
Project("{2150E333-8FDC-42A3-9474-1A3956D46DE8}") = "guest-csharp-flags", "guest-csharp-flags", "{1E3EE207-22B3-4148-B96A-57318FBCBA49}"
EndProject
Project("{9A19103F-16F7-4668-BE54-9A1E7A4F7556}") = "TheWorldWorld", "target\codegen-tests\guest-csharp-flags\the_flags\TheWorldWorld.csproj", "{4191B303-B047-4D76-9E87-6A252706591A}"
EndProject
Project("{2150E333-8FDC-42A3-9474-1A3956D46DE8}") = "guest-csharp-floats", "guest-csharp-floats", "{F6B31814-ED28-4DCE-AD9A-EBDC9BCF7D71}"
EndProject
Project("{9A19103F-16F7-4668-BE54-9A1E7A4F7556}") = "TheWorldWorld", "target\codegen-tests\guest-csharp-floats\the_world\TheWorldWorld.csproj", "{B5035B67-E602-45C7-A37D-468AD60C8A3F}"
EndProject
Project("{2150E333-8FDC-42A3-9474-1A3956D46DE8}") = "guest-csharp-go_params", "guest-csharp-go_params", "{4A7BBDF1-2E0C-475D-AF74-A745D6906523}"
EndProject
Project("{9A19103F-16F7-4668-BE54-9A1E7A4F7556}") = "TheWorldWorld", "target\codegen-tests\guest-csharp-go_params\go_params\TheWorldWorld.csproj", "{FF34A6DA-11F6-4B53-97C9-647483FFD679}"
EndProject
Project("{2150E333-8FDC-42A3-9474-1A3956D46DE8}") = "guest-csharp-guest-name", "guest-csharp-guest-name", "{DAA43BA6-545D-4D43-A45E-EBDA44D40248}"
EndProject
Project("{9A19103F-16F7-4668-BE54-9A1E7A4F7556}") = "TheWorldWorld", "target\codegen-tests\guest-csharp-guest-name\another_guest\TheWorldWorld.csproj", "{96FB53CE-C6DE-4FAA-B9EC-991BCE4070A5}"
EndProject
Project("{2150E333-8FDC-42A3-9474-1A3956D46DE8}") = "guest-csharp-import-and-export-resource", "guest-csharp-import-and-export-resource", "{58C50E08-CEC2-4B5E-9778-6CA425C5B326}"
EndProject
Project("{9A19103F-16F7-4668-BE54-9A1E7A4F7556}") = "TheWorldWorld", "target\codegen-tests\guest-csharp-import-and-export-resource\resources\TheWorldWorld.csproj", "{9C7CBA8A-FE2A-4F21-9B98-B84CDB366D16}"
EndProject
Project("{2150E333-8FDC-42A3-9474-1A3956D46DE8}") = "guest-csharp-import-and-export-resource-alias", "guest-csharp-import-and-export-resource-alias", "{2829DF18-5E25-4AD8-82F8-8E99BC97A395}"
EndProject
Project("{9A19103F-16F7-4668-BE54-9A1E7A4F7556}") = "TheWorldWorld", "target\codegen-tests\guest-csharp-import-and-export-resource-alias\resources\TheWorldWorld.csproj", "{4ECC4917-EB23-4E3F-B882-907F6192E1A6}"
EndProject
Project("{2150E333-8FDC-42A3-9474-1A3956D46DE8}") = "guest-csharp-import-func", "guest-csharp-import-func", "{A80476BA-4EA5-4724-82AD-5615EE942654}"
EndProject
Project("{9A19103F-16F7-4668-BE54-9A1E7A4F7556}") = "TheWorldWorld", "target\codegen-tests\guest-csharp-import-func\foo\TheWorldWorld.csproj", "{6A8634AE-1A0E-477F-83EF-25BB100B9E87}"
EndProject
Project("{2150E333-8FDC-42A3-9474-1A3956D46DE8}") = "guest-csharp-integers", "guest-csharp-integers", "{ED54A16E-ADB3-4BC4-AEA3-A699189F7312}"
EndProject
Project("{9A19103F-16F7-4668-BE54-9A1E7A4F7556}") = "TheWorldWorld", "target\codegen-tests\guest-csharp-integers\the_world\TheWorldWorld.csproj", "{198A5454-2E99-4B3C-A925-E4CC3286F777}"
EndProject
Project("{2150E333-8FDC-42A3-9474-1A3956D46DE8}") = "guest-csharp-issue544", "guest-csharp-issue544", "{C7EA4A5B-406A-4613-9DE3-4286FC0EBD72}"
EndProject
Project("{9A19103F-16F7-4668-BE54-9A1E7A4F7556}") = "TheWorldWorld", "target\codegen-tests\guest-csharp-issue544\issue\TheWorldWorld.csproj", "{4DD95E93-4CEC-406F-B196-8F6FCA9DC72D}"
EndProject
Project("{2150E333-8FDC-42A3-9474-1A3956D46DE8}") = "guest-csharp-issue551", "guest-csharp-issue551", "{C4394A4A-AFFE-4D79-B250-200538FC96A7}"
EndProject
Project("{9A19103F-16F7-4668-BE54-9A1E7A4F7556}") = "TheWorldWorld", "target\codegen-tests\guest-csharp-issue551\bindings\TheWorldWorld.csproj", "{080A6889-2D56-4B63-AF46-9297B87BCE1A}"
EndProject
Project("{2150E333-8FDC-42A3-9474-1A3956D46DE8}") = "guest-csharp-issue569", "guest-csharp-issue569", "{85D1ADFF-4848-49AB-93F1-5C710F1D0E61}"
EndProject
Project("{9A19103F-16F7-4668-BE54-9A1E7A4F7556}") = "TheWorldWorld", "target\codegen-tests\guest-csharp-issue569\command\TheWorldWorld.csproj", "{B7EADFB2-AA48-40DB-9EB7-A5A5ED5C19B1}"
EndProject
Project("{2150E333-8FDC-42A3-9474-1A3956D46DE8}") = "guest-csharp-issue573", "guest-csharp-issue573", "{B5186D2E-3611-4CC9-90F1-BC74A4C3C533}"
EndProject
Project("{9A19103F-16F7-4668-BE54-9A1E7A4F7556}") = "TheWorldWorld", "target\codegen-tests\guest-csharp-issue573\types_example\TheWorldWorld.csproj", "{507E24CA-7C85-4617-B83B-C6ADC027ED0D}"
EndProject
Project("{2150E333-8FDC-42A3-9474-1A3956D46DE8}") = "guest-csharp-issue607", "guest-csharp-issue607", "{EE948B67-1515-4B01-BA6F-C3E19A3E545A}"
EndProject
Project("{9A19103F-16F7-4668-BE54-9A1E7A4F7556}") = "TheWorldWorld", "target\codegen-tests\guest-csharp-issue607\my_world\TheWorldWorld.csproj", "{B1CF0A2C-2A0F-4B42-88E5-A06DC67A5463}"
EndProject
Project("{2150E333-8FDC-42A3-9474-1A3956D46DE8}") = "guest-csharp-issue668", "guest-csharp-issue668", "{BEA6A90D-844B-45A4-AF1A-A822535A08D2}"
EndProject
Project("{9A19103F-16F7-4668-BE54-9A1E7A4F7556}") = "TheWorldWorld", "target\codegen-tests\guest-csharp-issue668\test_world\TheWorldWorld.csproj", "{C24248F6-5BFE-4B75-8BDA-3C0450E5353E}"
EndProject
Project("{2150E333-8FDC-42A3-9474-1A3956D46DE8}") = "guest-csharp-just-export", "guest-csharp-just-export", "{F473C03A-CE6A-4E30-860C-818824F137C3}"
EndProject
Project("{9A19103F-16F7-4668-BE54-9A1E7A4F7556}") = "TheWorldWorld", "target\codegen-tests\guest-csharp-just-export\foo\TheWorldWorld.csproj", "{93F93962-7365-4B3A-A83A-F4281C7662BE}"
EndProject
Project("{2150E333-8FDC-42A3-9474-1A3956D46DE8}") = "guest-csharp-keywords", "guest-csharp-keywords", "{4E590E2B-44F3-44AB-B990-F4A1407566EE}"
EndProject
Project("{9A19103F-16F7-4668-BE54-9A1E7A4F7556}") = "TheWorldWorld", "target\codegen-tests\guest-csharp-keywords\the_world\TheWorldWorld.csproj", "{35ACB4C1-2D65-48DA-8812-11694CBBF453}"
EndProject
Project("{2150E333-8FDC-42A3-9474-1A3956D46DE8}") = "guest-csharp-keywords-in-interfaces-and-worlds", "guest-csharp-keywords-in-interfaces-and-worlds", "{AD6C5D8A-04D1-4CBE-AA3A-CAD8C8E9DDFD}"
EndProject
Project("{9A19103F-16F7-4668-BE54-9A1E7A4F7556}") = "TheWorldWorld", "target\codegen-tests\guest-csharp-keywords-in-interfaces-and-worlds\trait\TheWorldWorld.csproj", "{642C0D4E-0722-418A-9363-BF710C63C673}"
EndProject
Project("{2150E333-8FDC-42A3-9474-1A3956D46DE8}") = "guest-csharp-lift-lower-foreign", "guest-csharp-lift-lower-foreign", "{F2325D10-3DFB-45E7-AC0D-41E3DD469085}"
EndProject
Project("{9A19103F-16F7-4668-BE54-9A1E7A4F7556}") = "TheWorldWorld", "target\codegen-tests\guest-csharp-lift-lower-foreign\foo\TheWorldWorld.csproj", "{A2F5E85E-7841-4D96-9CDA-AEDA9F0D75D3}"
EndProject
Project("{2150E333-8FDC-42A3-9474-1A3956D46DE8}") = "guest-csharp-lists", "guest-csharp-lists", "{33E3913A-D3F0-4DB3-9322-0CBEE98F1660}"
EndProject
Project("{9A19103F-16F7-4668-BE54-9A1E7A4F7556}") = "TheWorldWorld", "target\codegen-tests\guest-csharp-lists\the_lists\TheWorldWorld.csproj", "{8E8A4135-42F3-43B0-9270-6E4AC79D9BCF}"
EndProject
Project("{2150E333-8FDC-42A3-9474-1A3956D46DE8}") = "guest-csharp-many-arguments", "guest-csharp-many-arguments", "{60C5A3EB-ABBA-4C86-A899-E982C08EC8EA}"
EndProject
Project("{9A19103F-16F7-4668-BE54-9A1E7A4F7556}") = "TheWorldWorld", "target\codegen-tests\guest-csharp-many-arguments\many_arguments\TheWorldWorld.csproj", "{32AEF78D-3084-4D61-A2DD-C5F4D8201EC5}"
EndProject
Project("{9A19103F-16F7-4668-BE54-9A1E7A4F7556}") = "TheWorldWorld (1)", "target\codegen-tests\guest-csharp-many-arguments\the_world\TheWorldWorld.csproj", "{23E02EBE-7061-4FC1-990E-95ED69A991D1}"
EndProject
Project("{2150E333-8FDC-42A3-9474-1A3956D46DE8}") = "guest-csharp-multi-return", "guest-csharp-multi-return", "{9BBAD373-18D0-47ED-BED3-C423818DA8C7}"
EndProject
Project("{9A19103F-16F7-4668-BE54-9A1E7A4F7556}") = "TheWorldWorld", "target\codegen-tests\guest-csharp-multi-return\the_world\TheWorldWorld.csproj", "{0F8D6E90-EB0E-4906-BBCD-F4C137D166AE}"
EndProject
Project("{2150E333-8FDC-42A3-9474-1A3956D46DE8}") = "guest-csharp-multiversion", "guest-csharp-multiversion", "{DC15E099-2F3C-4772-AFA7-41282EB795BA}"
EndProject
Project("{9A19103F-16F7-4668-BE54-9A1E7A4F7556}") = "TheWorldWorld", "target\codegen-tests\guest-csharp-multiversion\foo\TheWorldWorld.csproj", "{BC0A6C70-AA7B-43D0-9329-AC5A06455643}"
EndProject
Project("{2150E333-8FDC-42A3-9474-1A3956D46DE8}") = "guest-csharp-option-result", "guest-csharp-option-result", "{DC8B1B35-482E-42FA-97F4-ECD7E999EB44}"
EndProject
Project("{9A19103F-16F7-4668-BE54-9A1E7A4F7556}") = "TheWorldWorld", "target\codegen-tests\guest-csharp-option-result\my_world\TheWorldWorld.csproj", "{34E0A6FF-959D-4597-B62C-00205F5EA804}"
EndProject
Project("{2150E333-8FDC-42A3-9474-1A3956D46DE8}") = "guest-csharp-records", "guest-csharp-records", "{FD4BDE62-F407-424D-943E-DE75D704D7C6}"
EndProject
Project("{9A19103F-16F7-4668-BE54-9A1E7A4F7556}") = "TheWorldWorld", "target\codegen-tests\guest-csharp-records\the_world\TheWorldWorld.csproj", "{284D2933-5159-4C10-8852-AB9F4FFEB859}"
EndProject
Project("{2150E333-8FDC-42A3-9474-1A3956D46DE8}") = "guest-csharp-rename-interface", "guest-csharp-rename-interface", "{1B3DA517-EC51-4F02-A81B-20066311FB2C}"
EndProject
Project("{9A19103F-16F7-4668-BE54-9A1E7A4F7556}") = "TheWorldWorld", "target\codegen-tests\guest-csharp-rename-interface\the_world\TheWorldWorld.csproj", "{632062ED-4101-43AE-B58C-4E1D876FACFC}"
EndProject
Project("{2150E333-8FDC-42A3-9474-1A3956D46DE8}") = "guest-csharp-resource-alias", "guest-csharp-resource-alias", "{C1C6E38D-75C9-4366-859A-87793F605571}"
EndProject
Project("{9A19103F-16F7-4668-BE54-9A1E7A4F7556}") = "TheWorldWorld", "target\codegen-tests\guest-csharp-resource-alias\resources\TheWorldWorld.csproj", "{30FFF56B-B730-488D-805A-D13FD91B290E}"
EndProject
Project("{2150E333-8FDC-42A3-9474-1A3956D46DE8}") = "guest-csharp-resource-borrow-in-record", "guest-csharp-resource-borrow-in-record", "{B5EBA842-E032-4BC3-9E81-851163D82C8D}"
EndProject
Project("{9A19103F-16F7-4668-BE54-9A1E7A4F7556}") = "TheWorldWorld", "target\codegen-tests\guest-csharp-resource-borrow-in-record\x\TheWorldWorld.csproj", "{7F394D2B-090F-4514-91CD-355633355076}"
EndProject
Project("{2150E333-8FDC-42A3-9474-1A3956D46DE8}") = "guest-csharp-resource-borrow-in-record-export", "guest-csharp-resource-borrow-in-record-export", "{DBCA7233-DE51-43AE-9C46-53F212F7B718}"
EndProject
Project("{9A19103F-16F7-4668-BE54-9A1E7A4F7556}") = "TheWorldWorld", "target\codegen-tests\guest-csharp-resource-borrow-in-record-export\x\TheWorldWorld.csproj", "{9FF63F92-3972-4BD0-98A6-3D43800494CD}"
EndProject
Project("{2150E333-8FDC-42A3-9474-1A3956D46DE8}") = "guest-csharp-resource-local-alias", "guest-csharp-resource-local-alias", "{BEEAA595-B36B-45A2-8678-61B8E3592FE6}"
EndProject
Project("{9A19103F-16F7-4668-BE54-9A1E7A4F7556}") = "TheWorldWorld", "target\codegen-tests\guest-csharp-resource-local-alias\x\TheWorldWorld.csproj", "{C8BC872E-9F78-4283-A86A-A1905730C94E}"
EndProject
Project("{2150E333-8FDC-42A3-9474-1A3956D46DE8}") = "guest-csharp-resource-local-alias-borrow", "guest-csharp-resource-local-alias-borrow", "{B3E92876-580E-45AF-9DC9-21CD307E5AE5}"
EndProject
Project("{9A19103F-16F7-4668-BE54-9A1E7A4F7556}") = "TheWorldWorld", "target\codegen-tests\guest-csharp-resource-local-alias-borrow\x\TheWorldWorld.csproj", "{1D2AC3A4-BD00-4F81-B640-216ACFEA3177}"
EndProject
Project("{2150E333-8FDC-42A3-9474-1A3956D46DE8}") = "guest-csharp-resource-local-alias-borrow-import", "guest-csharp-resource-local-alias-borrow-import", "{B812D625-3A8A-4703-9B10-10C0D2F9E842}"
EndProject
Project("{9A19103F-16F7-4668-BE54-9A1E7A4F7556}") = "TheWorldWorld", "target\codegen-tests\guest-csharp-resource-local-alias-borrow-import\x\TheWorldWorld.csproj", "{7D6A5B8B-115C-4244-B33E-8F6147977C87}"
EndProject
Project("{2150E333-8FDC-42A3-9474-1A3956D46DE8}") = "guest-csharp-resource-own-in-other-interface", "guest-csharp-resource-own-in-other-interface", "{FC661A7A-F2FD-4533-82C4-4DA111B9F874}"
EndProject
Project("{9A19103F-16F7-4668-BE54-9A1E7A4F7556}") = "TheWorldWorld", "target\codegen-tests\guest-csharp-resource-own-in-other-interface\resources\TheWorldWorld.csproj", "{A71F2150-53F0-4B15-90B3-408E35D5AA85}"
EndProject
Project("{2150E333-8FDC-42A3-9474-1A3956D46DE8}") = "guest-csharp-resources", "guest-csharp-resources", "{D4984273-C534-4A9F-B0B7-965DB50CB27B}"
EndProject
Project("{9A19103F-16F7-4668-BE54-9A1E7A4F7556}") = "TheWorldWorld", "target\codegen-tests\guest-csharp-resources\resources\TheWorldWorld.csproj", "{F15E2F94-FAB4-4343-B07A-16C39B03339E}"
EndProject
Project("{2150E333-8FDC-42A3-9474-1A3956D46DE8}") = "guest-csharp-resources-in-aggregates", "guest-csharp-resources-in-aggregates", "{5D51FC85-647F-4F8C-BF83-56220BD82E8C}"
EndProject
Project("{9A19103F-16F7-4668-BE54-9A1E7A4F7556}") = "TheWorldWorld", "target\codegen-tests\guest-csharp-resources-in-aggregates\resources\TheWorldWorld.csproj", "{00ED46A5-7255-4BB5-B54A-192B903E559B}"
EndProject
Project("{2150E333-8FDC-42A3-9474-1A3956D46DE8}") = "guest-csharp-resources-with-lists", "guest-csharp-resources-with-lists", "{4907213A-27F9-4FA7-8D78-5168C6DDB94F}"
EndProject
Project("{9A19103F-16F7-4668-BE54-9A1E7A4F7556}") = "TheWorldWorld", "target\codegen-tests\guest-csharp-resources-with-lists\resources\TheWorldWorld.csproj", "{831ED004-594A-43EE-BDBD-1108BBB7567C}"
EndProject
Project("{2150E333-8FDC-42A3-9474-1A3956D46DE8}") = "guest-csharp-result-empty", "guest-csharp-result-empty", "{1DC5B302-DFCC-4EB9-970D-B1575A1707B9}"
EndProject
Project("{9A19103F-16F7-4668-BE54-9A1E7A4F7556}") = "TheWorldWorld", "target\codegen-tests\guest-csharp-result-empty\my_world\TheWorldWorld.csproj", "{810BDC02-25B1-44BA-AB94-4566502ECCEF}"
EndProject
Project("{2150E333-8FDC-42A3-9474-1A3956D46DE8}") = "guest-csharp-ret-areas", "guest-csharp-ret-areas", "{8A61ED5F-3A97-422B-9A34-BAEDAC0A762D}"
EndProject
Project("{9A19103F-16F7-4668-BE54-9A1E7A4F7556}") = "TheWorldWorld", "target\codegen-tests\guest-csharp-ret-areas\wasi\TheWorldWorld.csproj", "{DC62664A-4C11-4589-982E-13709C7E8875}"
EndProject
Project("{2150E333-8FDC-42A3-9474-1A3956D46DE8}") = "guest-csharp-return-resource-from-export", "guest-csharp-return-resource-from-export", "{724CF42B-A857-4B1D-868A-81626A7447C2}"
EndProject
Project("{9A19103F-16F7-4668-BE54-9A1E7A4F7556}") = "TheWorldWorld", "target\codegen-tests\guest-csharp-return-resource-from-export\foo\TheWorldWorld.csproj", "{643738AE-D7BA-4B61-9992-F3EB87789FEC}"
EndProject
Project("{2150E333-8FDC-42A3-9474-1A3956D46DE8}") = "guest-csharp-same-names1", "guest-csharp-same-names1", "{35487ACE-91CE-4AAF-958C-A8584F9ADFFF}"
EndProject
Project("{9A19103F-16F7-4668-BE54-9A1E7A4F7556}") = "TheWorldWorld", "target\codegen-tests\guest-csharp-same-names1\name1\TheWorldWorld.csproj", "{640C9A30-9FC3-4B62-BFA8-CBC8D6E7E208}"
EndProject
Project("{2150E333-8FDC-42A3-9474-1A3956D46DE8}") = "guest-csharp-same-names2", "guest-csharp-same-names2", "{20D09EB4-5A32-4021-9D29-3E10313647BA}"
EndProject
Project("{9A19103F-16F7-4668-BE54-9A1E7A4F7556}") = "TheWorldWorld", "target\codegen-tests\guest-csharp-same-names2\name2\TheWorldWorld.csproj", "{6971486D-AF2A-4C7D-AE27-27CD7866E6B6}"
EndProject
Project("{2150E333-8FDC-42A3-9474-1A3956D46DE8}") = "guest-csharp-same-names3", "guest-csharp-same-names3", "{30950B5D-F8B8-4839-B28A-BDC57728F07F}"
EndProject
Project("{9A19103F-16F7-4668-BE54-9A1E7A4F7556}") = "TheWorldWorld", "target\codegen-tests\guest-csharp-same-names3\w\TheWorldWorld.csproj", "{EB78918A-A920-411E-B1E8-1E04150C59BC}"
EndProject
Project("{2150E333-8FDC-42A3-9474-1A3956D46DE8}") = "guest-csharp-same-names4", "guest-csharp-same-names4", "{762F41EA-10BF-4E41-A72E-FB6D43813AEB}"
EndProject
Project("{9A19103F-16F7-4668-BE54-9A1E7A4F7556}") = "TheWorldWorld", "target\codegen-tests\guest-csharp-same-names4\w\TheWorldWorld.csproj", "{CCE8A547-15E6-4962-B024-15C4B7E1234B}"
EndProject
Project("{2150E333-8FDC-42A3-9474-1A3956D46DE8}") = "guest-csharp-same-names5", "guest-csharp-same-names5", "{1131009C-5040-40A4-8BA7-777496CEB7C9}"
EndProject
Project("{9A19103F-16F7-4668-BE54-9A1E7A4F7556}") = "TheWorldWorld", "target\codegen-tests\guest-csharp-same-names5\name5\TheWorldWorld.csproj", "{AAAA07D0-6537-4626-96F9-72C92CA2F5E9}"
EndProject
Project("{2150E333-8FDC-42A3-9474-1A3956D46DE8}") = "guest-csharp-simple-functions", "guest-csharp-simple-functions", "{284AE235-5BEF-4931-A281-52EB82514CD0}"
EndProject
Project("{9A19103F-16F7-4668-BE54-9A1E7A4F7556}") = "TheWorldWorld", "target\codegen-tests\guest-csharp-simple-functions\the_world\TheWorldWorld.csproj", "{5D486C9F-AE6D-4E58-964A-4C574DCE499F}"
EndProject
Project("{2150E333-8FDC-42A3-9474-1A3956D46DE8}") = "guest-csharp-simple-http", "guest-csharp-simple-http", "{5D5D5D93-61BA-4DE6-ACDE-3455631E5165}"
EndProject
Project("{9A19103F-16F7-4668-BE54-9A1E7A4F7556}") = "TheWorldWorld", "target\codegen-tests\guest-csharp-simple-http\http_fetch_simple\TheWorldWorld.csproj", "{7E941091-7647-475B-BFDC-AC154DFF0C63}"
EndProject
Project("{2150E333-8FDC-42A3-9474-1A3956D46DE8}") = "guest-csharp-simple-lists", "guest-csharp-simple-lists", "{1E712B2A-F345-4630-AB81-58E3D560818A}"
EndProject
Project("{9A19103F-16F7-4668-BE54-9A1E7A4F7556}") = "TheWorldWorld", "target\codegen-tests\guest-csharp-simple-lists\my_world\TheWorldWorld.csproj", "{2564BC4A-72A9-46E7-A0CA-AD746643DAE2}"
EndProject
Project("{2150E333-8FDC-42A3-9474-1A3956D46DE8}") = "guest-csharp-simple-option", "guest-csharp-simple-option", "{C85E772F-7B3A-4A7B-98AE-F4FD993B46FF}"
EndProject
Project("{9A19103F-16F7-4668-BE54-9A1E7A4F7556}") = "TheWorldWorld", "target\codegen-tests\guest-csharp-simple-option\my_world\TheWorldWorld.csproj", "{BBA410F8-F488-4C52-BB73-98C65AE1C4D4}"
EndProject
Project("{2150E333-8FDC-42A3-9474-1A3956D46DE8}") = "guest-csharp-small-anonymous", "guest-csharp-small-anonymous", "{D5E7F4F9-42B1-4D56-A179-D7B760992391}"
EndProject
Project("{9A19103F-16F7-4668-BE54-9A1E7A4F7556}") = "TheWorldWorld", "target\codegen-tests\guest-csharp-small-anonymous\the_world\TheWorldWorld.csproj", "{A322F191-C1E3-4198-9756-E84F8412E6BE}"
EndProject
Project("{2150E333-8FDC-42A3-9474-1A3956D46DE8}") = "guest-csharp-smoke", "guest-csharp-smoke", "{844CE97F-BBE5-4507-B07A-4D35DFD8F379}"
EndProject
Project("{9A19103F-16F7-4668-BE54-9A1E7A4F7556}") = "TheWorldWorld", "target\codegen-tests\guest-csharp-smoke\the_world\TheWorldWorld.csproj", "{8D757AF9-1168-4A95-B023-B8A8A8E6AAE2}"
EndProject
Project("{2150E333-8FDC-42A3-9474-1A3956D46DE8}") = "guest-csharp-smoke-default", "guest-csharp-smoke-default", "{A67C7834-98FF-4062-8566-B72B18EA9C70}"
EndProject
Project("{9A19103F-16F7-4668-BE54-9A1E7A4F7556}") = "TheWorldWorld", "target\codegen-tests\guest-csharp-smoke-default\the_world\TheWorldWorld.csproj", "{792CADD3-502B-4CAA-A68D-F9C0C730A803}"
EndProject
Project("{2150E333-8FDC-42A3-9474-1A3956D46DE8}") = "guest-csharp-smoke-export", "guest-csharp-smoke-export", "{B180E602-FBA9-4E0C-B23C-939A49546433}"
EndProject
Project("{9A19103F-16F7-4668-BE54-9A1E7A4F7556}") = "TheWorldWorld", "target\codegen-tests\guest-csharp-smoke-export\the_world\TheWorldWorld.csproj", "{227F994E-B15C-4A6A-9D33-0812EAB6760D}"
EndProject
Project("{2150E333-8FDC-42A3-9474-1A3956D46DE8}") = "guest-csharp-strings", "guest-csharp-strings", "{928BBE04-74C6-46FB-A26C-737A0D2549EA}"
EndProject
Project("{9A19103F-16F7-4668-BE54-9A1E7A4F7556}") = "TheWorldWorld", "target\codegen-tests\guest-csharp-strings\the_world\TheWorldWorld.csproj", "{FF64C417-6780-49D9-9BAD-E344684F8AEE}"
EndProject
Project("{2150E333-8FDC-42A3-9474-1A3956D46DE8}") = "guest-csharp-unused-import", "guest-csharp-unused-import", "{847BE3B5-B6DC-47EE-BAA6-D1AB2BD10275}"
EndProject
Project("{9A19103F-16F7-4668-BE54-9A1E7A4F7556}") = "TheWorldWorld", "target\codegen-tests\guest-csharp-unused-import\the_world\TheWorldWorld.csproj", "{0CB5442B-DFD4-4392-A9FA-C6F0DBFCC41D}"
EndProject
Project("{2150E333-8FDC-42A3-9474-1A3956D46DE8}") = "guest-csharp-use-across-interfaces", "guest-csharp-use-across-interfaces", "{583B1E68-5DDB-4814-A662-BB04AAC6D203}"
EndProject
Project("{9A19103F-16F7-4668-BE54-9A1E7A4F7556}") = "TheWorldWorld", "target\codegen-tests\guest-csharp-use-across-interfaces\baz\TheWorldWorld.csproj", "{213D2B5A-E7C5-4087-87AA-CA54E6F0EA4A}"
EndProject
Project("{2150E333-8FDC-42A3-9474-1A3956D46DE8}") = "guest-csharp-variants", "guest-csharp-variants", "{C2D34F83-A77E-4879-88B4-B60C189BC3AE}"
EndProject
Project("{9A19103F-16F7-4668-BE54-9A1E7A4F7556}") = "TheWorldWorld", "target\codegen-tests\guest-csharp-variants\my_world\TheWorldWorld.csproj", "{4732BFF8-C361-48BE-9016-8D904B01A0F8}"
EndProject
Project("{2150E333-8FDC-42A3-9474-1A3956D46DE8}") = "guest-csharp-worlds-with-types", "guest-csharp-worlds-with-types", "{72CFE57A-2B66-4AC1-85F6-6F035DF394FB}"
EndProject
Project("{9A19103F-16F7-4668-BE54-9A1E7A4F7556}") = "TheWorldWorld", "target\codegen-tests\guest-csharp-worlds-with-types\foo\TheWorldWorld.csproj", "{678BB531-8F70-4D81-8E6A-6BA3CD241393}"
EndProject
Project("{2150E333-8FDC-42A3-9474-1A3956D46DE8}") = "guest-csharp-zero-size-tuple", "guest-csharp-zero-size-tuple", "{45B1F4F1-CAEB-4E33-9C54-6B4443633851}"
EndProject
Project("{9A19103F-16F7-4668-BE54-9A1E7A4F7556}") = "TheWorldWorld", "target\codegen-tests\guest-csharp-zero-size-tuple\bindings\TheWorldWorld.csproj", "{0E439280-E706-4FF0-A66D-8507D993538F}"
EndProject
Project("{2150E333-8FDC-42A3-9474-1A3956D46DE8}") = "runtime-tests", "runtime-tests", "{A250DE2C-8F26-4C42-A6D4-046C39F2D04C}"
EndProject
Project("{2150E333-8FDC-42A3-9474-1A3956D46DE8}") = "many_arguments", "many_arguments", "{19A94614-4DF5-4916-808C-D0AE5DEC9EA8}"
EndProject
Project("{9A19103F-16F7-4668-BE54-9A1E7A4F7556}") = "ManyArgumentsWorld", "target\runtime-tests\many_arguments\csharp-many-arguments\ManyArgumentsWorld.csproj", "{81B829BE-35BA-4FF7-A355-6191776DE201}"
EndProject
Project("{2150E333-8FDC-42A3-9474-1A3956D46DE8}") = "numbers", "numbers", "{1D2039C6-C5B8-4328-9FD1-C7881933740E}"
EndProject
Project("{9A19103F-16F7-4668-BE54-9A1E7A4F7556}") = "NumbersWorld", "target\runtime-tests\numbers\csharp-numbers\NumbersWorld.csproj", "{E9F64361-E7F8-4FF3-94ED-A5A3D1817D0C}"
EndProject
Project("{2150E333-8FDC-42A3-9474-1A3956D46DE8}") = "records", "records", "{269C7B9B-D013-4A4F-A899-35300B4A85C8}"
EndProject
Project("{9A19103F-16F7-4668-BE54-9A1E7A4F7556}") = "RecordsWorld", "target\runtime-tests\records\csharp-records\RecordsWorld.csproj", "{CB49E871-8AE5-46C1-8F53-2A0325523508}"
EndProject
Project("{2150E333-8FDC-42A3-9474-1A3956D46DE8}") = "smoke", "smoke", "{02CCCC8B-4D17-445D-8CA3-D8A8FA3F3ACC}"
EndProject
Project("{9A19103F-16F7-4668-BE54-9A1E7A4F7556}") = "SmokeWorld", "target\runtime-tests\smoke\csharp-smoke\SmokeWorld.csproj", "{9F44A015-1380-409F-ADE6-9AA8D49C5B40}"
EndProject
Project("{2150E333-8FDC-42A3-9474-1A3956D46DE8}") = "strings", "strings", "{ED54337A-0807-4856-9D4E-DFB5BC25F594}"
EndProject
Project("{9A19103F-16F7-4668-BE54-9A1E7A4F7556}") = "StringsWorld", "target\runtime-tests\strings\csharp-strings\StringsWorld.csproj", "{3EEC32AF-D67F-453E-B76F-4631A4BFFF3E}"
EndProject
Project("{2150E333-8FDC-42A3-9474-1A3956D46DE8}") = "versions", "versions", "{94A33D1B-6025-4D9C-AAF0-226779428505}"
EndProject
Project("{9A19103F-16F7-4668-BE54-9A1E7A4F7556}") = "FooWorld", "target\runtime-tests\versions\csharp-foo\FooWorld.csproj", "{80C0C7E8-DB86-413B-BB27-AE7EBA126FF3}"
EndProject
Global
	GlobalSection(SolutionConfigurationPlatforms) = preSolution
		Debug|Any CPU = Debug|Any CPU
		Release|Any CPU = Release|Any CPU
	EndGlobalSection
	GlobalSection(ProjectConfigurationPlatforms) = postSolution
		{AD17B238-D762-4E7D-AB0F-FCD933686804}.Debug|Any CPU.ActiveCfg = Debug|Any CPU
		{AD17B238-D762-4E7D-AB0F-FCD933686804}.Debug|Any CPU.Build.0 = Debug|Any CPU
		{AD17B238-D762-4E7D-AB0F-FCD933686804}.Release|Any CPU.ActiveCfg = Release|Any CPU
		{AD17B238-D762-4E7D-AB0F-FCD933686804}.Release|Any CPU.Build.0 = Release|Any CPU
		{7CAF0FBE-EEA4-49DF-92EE-01649B22BF5B}.Debug|Any CPU.ActiveCfg = Debug|Any CPU
		{7CAF0FBE-EEA4-49DF-92EE-01649B22BF5B}.Debug|Any CPU.Build.0 = Debug|Any CPU
		{7CAF0FBE-EEA4-49DF-92EE-01649B22BF5B}.Release|Any CPU.ActiveCfg = Release|Any CPU
		{7CAF0FBE-EEA4-49DF-92EE-01649B22BF5B}.Release|Any CPU.Build.0 = Release|Any CPU
		{98044844-BBF2-4886-AAA7-288B58CFBF1E}.Debug|Any CPU.ActiveCfg = Debug|Any CPU
		{98044844-BBF2-4886-AAA7-288B58CFBF1E}.Debug|Any CPU.Build.0 = Debug|Any CPU
		{98044844-BBF2-4886-AAA7-288B58CFBF1E}.Release|Any CPU.ActiveCfg = Release|Any CPU
		{98044844-BBF2-4886-AAA7-288B58CFBF1E}.Release|Any CPU.Build.0 = Release|Any CPU
		{4191B303-B047-4D76-9E87-6A252706591A}.Debug|Any CPU.ActiveCfg = Debug|Any CPU
		{4191B303-B047-4D76-9E87-6A252706591A}.Debug|Any CPU.Build.0 = Debug|Any CPU
		{4191B303-B047-4D76-9E87-6A252706591A}.Release|Any CPU.ActiveCfg = Release|Any CPU
		{4191B303-B047-4D76-9E87-6A252706591A}.Release|Any CPU.Build.0 = Release|Any CPU
		{B5035B67-E602-45C7-A37D-468AD60C8A3F}.Debug|Any CPU.ActiveCfg = Debug|Any CPU
		{B5035B67-E602-45C7-A37D-468AD60C8A3F}.Debug|Any CPU.Build.0 = Debug|Any CPU
		{B5035B67-E602-45C7-A37D-468AD60C8A3F}.Release|Any CPU.ActiveCfg = Release|Any CPU
		{B5035B67-E602-45C7-A37D-468AD60C8A3F}.Release|Any CPU.Build.0 = Release|Any CPU
		{FF34A6DA-11F6-4B53-97C9-647483FFD679}.Debug|Any CPU.ActiveCfg = Debug|Any CPU
		{FF34A6DA-11F6-4B53-97C9-647483FFD679}.Debug|Any CPU.Build.0 = Debug|Any CPU
		{FF34A6DA-11F6-4B53-97C9-647483FFD679}.Release|Any CPU.ActiveCfg = Release|Any CPU
		{FF34A6DA-11F6-4B53-97C9-647483FFD679}.Release|Any CPU.Build.0 = Release|Any CPU
		{96FB53CE-C6DE-4FAA-B9EC-991BCE4070A5}.Debug|Any CPU.ActiveCfg = Debug|Any CPU
		{96FB53CE-C6DE-4FAA-B9EC-991BCE4070A5}.Debug|Any CPU.Build.0 = Debug|Any CPU
		{96FB53CE-C6DE-4FAA-B9EC-991BCE4070A5}.Release|Any CPU.ActiveCfg = Release|Any CPU
		{96FB53CE-C6DE-4FAA-B9EC-991BCE4070A5}.Release|Any CPU.Build.0 = Release|Any CPU
		{9C7CBA8A-FE2A-4F21-9B98-B84CDB366D16}.Debug|Any CPU.ActiveCfg = Debug|Any CPU
		{9C7CBA8A-FE2A-4F21-9B98-B84CDB366D16}.Debug|Any CPU.Build.0 = Debug|Any CPU
		{9C7CBA8A-FE2A-4F21-9B98-B84CDB366D16}.Release|Any CPU.ActiveCfg = Release|Any CPU
		{9C7CBA8A-FE2A-4F21-9B98-B84CDB366D16}.Release|Any CPU.Build.0 = Release|Any CPU
		{4ECC4917-EB23-4E3F-B882-907F6192E1A6}.Debug|Any CPU.ActiveCfg = Debug|Any CPU
		{4ECC4917-EB23-4E3F-B882-907F6192E1A6}.Debug|Any CPU.Build.0 = Debug|Any CPU
		{4ECC4917-EB23-4E3F-B882-907F6192E1A6}.Release|Any CPU.ActiveCfg = Release|Any CPU
		{4ECC4917-EB23-4E3F-B882-907F6192E1A6}.Release|Any CPU.Build.0 = Release|Any CPU
		{6A8634AE-1A0E-477F-83EF-25BB100B9E87}.Debug|Any CPU.ActiveCfg = Debug|Any CPU
		{6A8634AE-1A0E-477F-83EF-25BB100B9E87}.Debug|Any CPU.Build.0 = Debug|Any CPU
		{6A8634AE-1A0E-477F-83EF-25BB100B9E87}.Release|Any CPU.ActiveCfg = Release|Any CPU
		{6A8634AE-1A0E-477F-83EF-25BB100B9E87}.Release|Any CPU.Build.0 = Release|Any CPU
		{198A5454-2E99-4B3C-A925-E4CC3286F777}.Debug|Any CPU.ActiveCfg = Debug|Any CPU
		{198A5454-2E99-4B3C-A925-E4CC3286F777}.Debug|Any CPU.Build.0 = Debug|Any CPU
		{198A5454-2E99-4B3C-A925-E4CC3286F777}.Release|Any CPU.ActiveCfg = Release|Any CPU
		{198A5454-2E99-4B3C-A925-E4CC3286F777}.Release|Any CPU.Build.0 = Release|Any CPU
		{4DD95E93-4CEC-406F-B196-8F6FCA9DC72D}.Debug|Any CPU.ActiveCfg = Debug|Any CPU
		{4DD95E93-4CEC-406F-B196-8F6FCA9DC72D}.Debug|Any CPU.Build.0 = Debug|Any CPU
		{4DD95E93-4CEC-406F-B196-8F6FCA9DC72D}.Release|Any CPU.ActiveCfg = Release|Any CPU
		{4DD95E93-4CEC-406F-B196-8F6FCA9DC72D}.Release|Any CPU.Build.0 = Release|Any CPU
		{080A6889-2D56-4B63-AF46-9297B87BCE1A}.Debug|Any CPU.ActiveCfg = Debug|Any CPU
		{080A6889-2D56-4B63-AF46-9297B87BCE1A}.Debug|Any CPU.Build.0 = Debug|Any CPU
		{080A6889-2D56-4B63-AF46-9297B87BCE1A}.Release|Any CPU.ActiveCfg = Release|Any CPU
		{080A6889-2D56-4B63-AF46-9297B87BCE1A}.Release|Any CPU.Build.0 = Release|Any CPU
		{B7EADFB2-AA48-40DB-9EB7-A5A5ED5C19B1}.Debug|Any CPU.ActiveCfg = Debug|Any CPU
		{B7EADFB2-AA48-40DB-9EB7-A5A5ED5C19B1}.Debug|Any CPU.Build.0 = Debug|Any CPU
		{B7EADFB2-AA48-40DB-9EB7-A5A5ED5C19B1}.Release|Any CPU.ActiveCfg = Release|Any CPU
		{B7EADFB2-AA48-40DB-9EB7-A5A5ED5C19B1}.Release|Any CPU.Build.0 = Release|Any CPU
		{507E24CA-7C85-4617-B83B-C6ADC027ED0D}.Debug|Any CPU.ActiveCfg = Debug|Any CPU
		{507E24CA-7C85-4617-B83B-C6ADC027ED0D}.Debug|Any CPU.Build.0 = Debug|Any CPU
		{507E24CA-7C85-4617-B83B-C6ADC027ED0D}.Release|Any CPU.ActiveCfg = Release|Any CPU
		{507E24CA-7C85-4617-B83B-C6ADC027ED0D}.Release|Any CPU.Build.0 = Release|Any CPU
		{B1CF0A2C-2A0F-4B42-88E5-A06DC67A5463}.Debug|Any CPU.ActiveCfg = Debug|Any CPU
		{B1CF0A2C-2A0F-4B42-88E5-A06DC67A5463}.Debug|Any CPU.Build.0 = Debug|Any CPU
		{B1CF0A2C-2A0F-4B42-88E5-A06DC67A5463}.Release|Any CPU.ActiveCfg = Release|Any CPU
		{B1CF0A2C-2A0F-4B42-88E5-A06DC67A5463}.Release|Any CPU.Build.0 = Release|Any CPU
		{C24248F6-5BFE-4B75-8BDA-3C0450E5353E}.Debug|Any CPU.ActiveCfg = Debug|Any CPU
		{C24248F6-5BFE-4B75-8BDA-3C0450E5353E}.Debug|Any CPU.Build.0 = Debug|Any CPU
		{C24248F6-5BFE-4B75-8BDA-3C0450E5353E}.Release|Any CPU.ActiveCfg = Release|Any CPU
		{C24248F6-5BFE-4B75-8BDA-3C0450E5353E}.Release|Any CPU.Build.0 = Release|Any CPU
		{93F93962-7365-4B3A-A83A-F4281C7662BE}.Debug|Any CPU.ActiveCfg = Debug|Any CPU
		{93F93962-7365-4B3A-A83A-F4281C7662BE}.Debug|Any CPU.Build.0 = Debug|Any CPU
		{93F93962-7365-4B3A-A83A-F4281C7662BE}.Release|Any CPU.ActiveCfg = Release|Any CPU
		{93F93962-7365-4B3A-A83A-F4281C7662BE}.Release|Any CPU.Build.0 = Release|Any CPU
		{35ACB4C1-2D65-48DA-8812-11694CBBF453}.Debug|Any CPU.ActiveCfg = Debug|Any CPU
		{35ACB4C1-2D65-48DA-8812-11694CBBF453}.Debug|Any CPU.Build.0 = Debug|Any CPU
		{35ACB4C1-2D65-48DA-8812-11694CBBF453}.Release|Any CPU.ActiveCfg = Release|Any CPU
		{35ACB4C1-2D65-48DA-8812-11694CBBF453}.Release|Any CPU.Build.0 = Release|Any CPU
		{642C0D4E-0722-418A-9363-BF710C63C673}.Debug|Any CPU.ActiveCfg = Debug|Any CPU
		{642C0D4E-0722-418A-9363-BF710C63C673}.Debug|Any CPU.Build.0 = Debug|Any CPU
		{642C0D4E-0722-418A-9363-BF710C63C673}.Release|Any CPU.ActiveCfg = Release|Any CPU
		{642C0D4E-0722-418A-9363-BF710C63C673}.Release|Any CPU.Build.0 = Release|Any CPU
		{A2F5E85E-7841-4D96-9CDA-AEDA9F0D75D3}.Debug|Any CPU.ActiveCfg = Debug|Any CPU
		{A2F5E85E-7841-4D96-9CDA-AEDA9F0D75D3}.Debug|Any CPU.Build.0 = Debug|Any CPU
		{A2F5E85E-7841-4D96-9CDA-AEDA9F0D75D3}.Release|Any CPU.ActiveCfg = Release|Any CPU
		{A2F5E85E-7841-4D96-9CDA-AEDA9F0D75D3}.Release|Any CPU.Build.0 = Release|Any CPU
		{8E8A4135-42F3-43B0-9270-6E4AC79D9BCF}.Debug|Any CPU.ActiveCfg = Debug|Any CPU
		{8E8A4135-42F3-43B0-9270-6E4AC79D9BCF}.Debug|Any CPU.Build.0 = Debug|Any CPU
		{8E8A4135-42F3-43B0-9270-6E4AC79D9BCF}.Release|Any CPU.ActiveCfg = Release|Any CPU
		{8E8A4135-42F3-43B0-9270-6E4AC79D9BCF}.Release|Any CPU.Build.0 = Release|Any CPU
		{32AEF78D-3084-4D61-A2DD-C5F4D8201EC5}.Debug|Any CPU.ActiveCfg = Debug|Any CPU
		{32AEF78D-3084-4D61-A2DD-C5F4D8201EC5}.Debug|Any CPU.Build.0 = Debug|Any CPU
		{32AEF78D-3084-4D61-A2DD-C5F4D8201EC5}.Release|Any CPU.ActiveCfg = Release|Any CPU
		{32AEF78D-3084-4D61-A2DD-C5F4D8201EC5}.Release|Any CPU.Build.0 = Release|Any CPU
		{23E02EBE-7061-4FC1-990E-95ED69A991D1}.Debug|Any CPU.ActiveCfg = Debug|Any CPU
		{23E02EBE-7061-4FC1-990E-95ED69A991D1}.Debug|Any CPU.Build.0 = Debug|Any CPU
		{23E02EBE-7061-4FC1-990E-95ED69A991D1}.Release|Any CPU.ActiveCfg = Release|Any CPU
		{23E02EBE-7061-4FC1-990E-95ED69A991D1}.Release|Any CPU.Build.0 = Release|Any CPU
		{0F8D6E90-EB0E-4906-BBCD-F4C137D166AE}.Debug|Any CPU.ActiveCfg = Debug|Any CPU
		{0F8D6E90-EB0E-4906-BBCD-F4C137D166AE}.Debug|Any CPU.Build.0 = Debug|Any CPU
		{0F8D6E90-EB0E-4906-BBCD-F4C137D166AE}.Release|Any CPU.ActiveCfg = Release|Any CPU
		{0F8D6E90-EB0E-4906-BBCD-F4C137D166AE}.Release|Any CPU.Build.0 = Release|Any CPU
		{BC0A6C70-AA7B-43D0-9329-AC5A06455643}.Debug|Any CPU.ActiveCfg = Debug|Any CPU
		{BC0A6C70-AA7B-43D0-9329-AC5A06455643}.Debug|Any CPU.Build.0 = Debug|Any CPU
		{BC0A6C70-AA7B-43D0-9329-AC5A06455643}.Release|Any CPU.ActiveCfg = Release|Any CPU
		{BC0A6C70-AA7B-43D0-9329-AC5A06455643}.Release|Any CPU.Build.0 = Release|Any CPU
		{34E0A6FF-959D-4597-B62C-00205F5EA804}.Debug|Any CPU.ActiveCfg = Debug|Any CPU
		{34E0A6FF-959D-4597-B62C-00205F5EA804}.Debug|Any CPU.Build.0 = Debug|Any CPU
		{34E0A6FF-959D-4597-B62C-00205F5EA804}.Release|Any CPU.ActiveCfg = Release|Any CPU
		{34E0A6FF-959D-4597-B62C-00205F5EA804}.Release|Any CPU.Build.0 = Release|Any CPU
		{284D2933-5159-4C10-8852-AB9F4FFEB859}.Debug|Any CPU.ActiveCfg = Debug|Any CPU
		{284D2933-5159-4C10-8852-AB9F4FFEB859}.Debug|Any CPU.Build.0 = Debug|Any CPU
		{284D2933-5159-4C10-8852-AB9F4FFEB859}.Release|Any CPU.ActiveCfg = Release|Any CPU
		{284D2933-5159-4C10-8852-AB9F4FFEB859}.Release|Any CPU.Build.0 = Release|Any CPU
		{632062ED-4101-43AE-B58C-4E1D876FACFC}.Debug|Any CPU.ActiveCfg = Debug|Any CPU
		{632062ED-4101-43AE-B58C-4E1D876FACFC}.Debug|Any CPU.Build.0 = Debug|Any CPU
		{632062ED-4101-43AE-B58C-4E1D876FACFC}.Release|Any CPU.ActiveCfg = Release|Any CPU
		{632062ED-4101-43AE-B58C-4E1D876FACFC}.Release|Any CPU.Build.0 = Release|Any CPU
		{30FFF56B-B730-488D-805A-D13FD91B290E}.Debug|Any CPU.ActiveCfg = Debug|Any CPU
		{30FFF56B-B730-488D-805A-D13FD91B290E}.Debug|Any CPU.Build.0 = Debug|Any CPU
		{30FFF56B-B730-488D-805A-D13FD91B290E}.Release|Any CPU.ActiveCfg = Release|Any CPU
		{30FFF56B-B730-488D-805A-D13FD91B290E}.Release|Any CPU.Build.0 = Release|Any CPU
		{7F394D2B-090F-4514-91CD-355633355076}.Debug|Any CPU.ActiveCfg = Debug|Any CPU
		{7F394D2B-090F-4514-91CD-355633355076}.Debug|Any CPU.Build.0 = Debug|Any CPU
		{7F394D2B-090F-4514-91CD-355633355076}.Release|Any CPU.ActiveCfg = Release|Any CPU
		{7F394D2B-090F-4514-91CD-355633355076}.Release|Any CPU.Build.0 = Release|Any CPU
		{9FF63F92-3972-4BD0-98A6-3D43800494CD}.Debug|Any CPU.ActiveCfg = Debug|Any CPU
		{9FF63F92-3972-4BD0-98A6-3D43800494CD}.Debug|Any CPU.Build.0 = Debug|Any CPU
		{9FF63F92-3972-4BD0-98A6-3D43800494CD}.Release|Any CPU.ActiveCfg = Release|Any CPU
		{9FF63F92-3972-4BD0-98A6-3D43800494CD}.Release|Any CPU.Build.0 = Release|Any CPU
		{C8BC872E-9F78-4283-A86A-A1905730C94E}.Debug|Any CPU.ActiveCfg = Debug|Any CPU
		{C8BC872E-9F78-4283-A86A-A1905730C94E}.Debug|Any CPU.Build.0 = Debug|Any CPU
		{C8BC872E-9F78-4283-A86A-A1905730C94E}.Release|Any CPU.ActiveCfg = Release|Any CPU
		{C8BC872E-9F78-4283-A86A-A1905730C94E}.Release|Any CPU.Build.0 = Release|Any CPU
		{1D2AC3A4-BD00-4F81-B640-216ACFEA3177}.Debug|Any CPU.ActiveCfg = Debug|Any CPU
		{1D2AC3A4-BD00-4F81-B640-216ACFEA3177}.Debug|Any CPU.Build.0 = Debug|Any CPU
		{1D2AC3A4-BD00-4F81-B640-216ACFEA3177}.Release|Any CPU.ActiveCfg = Release|Any CPU
		{1D2AC3A4-BD00-4F81-B640-216ACFEA3177}.Release|Any CPU.Build.0 = Release|Any CPU
		{7D6A5B8B-115C-4244-B33E-8F6147977C87}.Debug|Any CPU.ActiveCfg = Debug|Any CPU
		{7D6A5B8B-115C-4244-B33E-8F6147977C87}.Debug|Any CPU.Build.0 = Debug|Any CPU
		{7D6A5B8B-115C-4244-B33E-8F6147977C87}.Release|Any CPU.ActiveCfg = Release|Any CPU
		{7D6A5B8B-115C-4244-B33E-8F6147977C87}.Release|Any CPU.Build.0 = Release|Any CPU
		{A71F2150-53F0-4B15-90B3-408E35D5AA85}.Debug|Any CPU.ActiveCfg = Debug|Any CPU
		{A71F2150-53F0-4B15-90B3-408E35D5AA85}.Debug|Any CPU.Build.0 = Debug|Any CPU
		{A71F2150-53F0-4B15-90B3-408E35D5AA85}.Release|Any CPU.ActiveCfg = Release|Any CPU
		{A71F2150-53F0-4B15-90B3-408E35D5AA85}.Release|Any CPU.Build.0 = Release|Any CPU
		{F15E2F94-FAB4-4343-B07A-16C39B03339E}.Debug|Any CPU.ActiveCfg = Debug|Any CPU
		{F15E2F94-FAB4-4343-B07A-16C39B03339E}.Debug|Any CPU.Build.0 = Debug|Any CPU
		{F15E2F94-FAB4-4343-B07A-16C39B03339E}.Release|Any CPU.ActiveCfg = Release|Any CPU
		{F15E2F94-FAB4-4343-B07A-16C39B03339E}.Release|Any CPU.Build.0 = Release|Any CPU
		{00ED46A5-7255-4BB5-B54A-192B903E559B}.Debug|Any CPU.ActiveCfg = Debug|Any CPU
		{00ED46A5-7255-4BB5-B54A-192B903E559B}.Debug|Any CPU.Build.0 = Debug|Any CPU
		{00ED46A5-7255-4BB5-B54A-192B903E559B}.Release|Any CPU.ActiveCfg = Release|Any CPU
		{00ED46A5-7255-4BB5-B54A-192B903E559B}.Release|Any CPU.Build.0 = Release|Any CPU
		{831ED004-594A-43EE-BDBD-1108BBB7567C}.Debug|Any CPU.ActiveCfg = Debug|Any CPU
		{831ED004-594A-43EE-BDBD-1108BBB7567C}.Debug|Any CPU.Build.0 = Debug|Any CPU
		{831ED004-594A-43EE-BDBD-1108BBB7567C}.Release|Any CPU.ActiveCfg = Release|Any CPU
		{831ED004-594A-43EE-BDBD-1108BBB7567C}.Release|Any CPU.Build.0 = Release|Any CPU
		{810BDC02-25B1-44BA-AB94-4566502ECCEF}.Debug|Any CPU.ActiveCfg = Debug|Any CPU
		{810BDC02-25B1-44BA-AB94-4566502ECCEF}.Debug|Any CPU.Build.0 = Debug|Any CPU
		{810BDC02-25B1-44BA-AB94-4566502ECCEF}.Release|Any CPU.ActiveCfg = Release|Any CPU
		{810BDC02-25B1-44BA-AB94-4566502ECCEF}.Release|Any CPU.Build.0 = Release|Any CPU
		{DC62664A-4C11-4589-982E-13709C7E8875}.Debug|Any CPU.ActiveCfg = Debug|Any CPU
		{DC62664A-4C11-4589-982E-13709C7E8875}.Debug|Any CPU.Build.0 = Debug|Any CPU
		{DC62664A-4C11-4589-982E-13709C7E8875}.Release|Any CPU.ActiveCfg = Release|Any CPU
		{DC62664A-4C11-4589-982E-13709C7E8875}.Release|Any CPU.Build.0 = Release|Any CPU
		{643738AE-D7BA-4B61-9992-F3EB87789FEC}.Debug|Any CPU.ActiveCfg = Debug|Any CPU
		{643738AE-D7BA-4B61-9992-F3EB87789FEC}.Debug|Any CPU.Build.0 = Debug|Any CPU
		{643738AE-D7BA-4B61-9992-F3EB87789FEC}.Release|Any CPU.ActiveCfg = Release|Any CPU
		{643738AE-D7BA-4B61-9992-F3EB87789FEC}.Release|Any CPU.Build.0 = Release|Any CPU
		{640C9A30-9FC3-4B62-BFA8-CBC8D6E7E208}.Debug|Any CPU.ActiveCfg = Debug|Any CPU
		{640C9A30-9FC3-4B62-BFA8-CBC8D6E7E208}.Debug|Any CPU.Build.0 = Debug|Any CPU
		{640C9A30-9FC3-4B62-BFA8-CBC8D6E7E208}.Release|Any CPU.ActiveCfg = Release|Any CPU
		{640C9A30-9FC3-4B62-BFA8-CBC8D6E7E208}.Release|Any CPU.Build.0 = Release|Any CPU
		{6971486D-AF2A-4C7D-AE27-27CD7866E6B6}.Debug|Any CPU.ActiveCfg = Debug|Any CPU
		{6971486D-AF2A-4C7D-AE27-27CD7866E6B6}.Debug|Any CPU.Build.0 = Debug|Any CPU
		{6971486D-AF2A-4C7D-AE27-27CD7866E6B6}.Release|Any CPU.ActiveCfg = Release|Any CPU
		{6971486D-AF2A-4C7D-AE27-27CD7866E6B6}.Release|Any CPU.Build.0 = Release|Any CPU
		{EB78918A-A920-411E-B1E8-1E04150C59BC}.Debug|Any CPU.ActiveCfg = Debug|Any CPU
		{EB78918A-A920-411E-B1E8-1E04150C59BC}.Debug|Any CPU.Build.0 = Debug|Any CPU
		{EB78918A-A920-411E-B1E8-1E04150C59BC}.Release|Any CPU.ActiveCfg = Release|Any CPU
		{EB78918A-A920-411E-B1E8-1E04150C59BC}.Release|Any CPU.Build.0 = Release|Any CPU
		{CCE8A547-15E6-4962-B024-15C4B7E1234B}.Debug|Any CPU.ActiveCfg = Debug|Any CPU
		{CCE8A547-15E6-4962-B024-15C4B7E1234B}.Debug|Any CPU.Build.0 = Debug|Any CPU
		{CCE8A547-15E6-4962-B024-15C4B7E1234B}.Release|Any CPU.ActiveCfg = Release|Any CPU
		{CCE8A547-15E6-4962-B024-15C4B7E1234B}.Release|Any CPU.Build.0 = Release|Any CPU
		{AAAA07D0-6537-4626-96F9-72C92CA2F5E9}.Debug|Any CPU.ActiveCfg = Debug|Any CPU
		{AAAA07D0-6537-4626-96F9-72C92CA2F5E9}.Debug|Any CPU.Build.0 = Debug|Any CPU
		{AAAA07D0-6537-4626-96F9-72C92CA2F5E9}.Release|Any CPU.ActiveCfg = Release|Any CPU
		{AAAA07D0-6537-4626-96F9-72C92CA2F5E9}.Release|Any CPU.Build.0 = Release|Any CPU
		{5D486C9F-AE6D-4E58-964A-4C574DCE499F}.Debug|Any CPU.ActiveCfg = Debug|Any CPU
		{5D486C9F-AE6D-4E58-964A-4C574DCE499F}.Debug|Any CPU.Build.0 = Debug|Any CPU
		{5D486C9F-AE6D-4E58-964A-4C574DCE499F}.Release|Any CPU.ActiveCfg = Release|Any CPU
		{5D486C9F-AE6D-4E58-964A-4C574DCE499F}.Release|Any CPU.Build.0 = Release|Any CPU
		{7E941091-7647-475B-BFDC-AC154DFF0C63}.Debug|Any CPU.ActiveCfg = Debug|Any CPU
		{7E941091-7647-475B-BFDC-AC154DFF0C63}.Debug|Any CPU.Build.0 = Debug|Any CPU
		{7E941091-7647-475B-BFDC-AC154DFF0C63}.Release|Any CPU.ActiveCfg = Release|Any CPU
		{7E941091-7647-475B-BFDC-AC154DFF0C63}.Release|Any CPU.Build.0 = Release|Any CPU
		{2564BC4A-72A9-46E7-A0CA-AD746643DAE2}.Debug|Any CPU.ActiveCfg = Debug|Any CPU
		{2564BC4A-72A9-46E7-A0CA-AD746643DAE2}.Debug|Any CPU.Build.0 = Debug|Any CPU
		{2564BC4A-72A9-46E7-A0CA-AD746643DAE2}.Release|Any CPU.ActiveCfg = Release|Any CPU
		{2564BC4A-72A9-46E7-A0CA-AD746643DAE2}.Release|Any CPU.Build.0 = Release|Any CPU
		{BBA410F8-F488-4C52-BB73-98C65AE1C4D4}.Debug|Any CPU.ActiveCfg = Debug|Any CPU
		{BBA410F8-F488-4C52-BB73-98C65AE1C4D4}.Debug|Any CPU.Build.0 = Debug|Any CPU
		{BBA410F8-F488-4C52-BB73-98C65AE1C4D4}.Release|Any CPU.ActiveCfg = Release|Any CPU
		{BBA410F8-F488-4C52-BB73-98C65AE1C4D4}.Release|Any CPU.Build.0 = Release|Any CPU
		{A322F191-C1E3-4198-9756-E84F8412E6BE}.Debug|Any CPU.ActiveCfg = Debug|Any CPU
		{A322F191-C1E3-4198-9756-E84F8412E6BE}.Debug|Any CPU.Build.0 = Debug|Any CPU
		{A322F191-C1E3-4198-9756-E84F8412E6BE}.Release|Any CPU.ActiveCfg = Release|Any CPU
		{A322F191-C1E3-4198-9756-E84F8412E6BE}.Release|Any CPU.Build.0 = Release|Any CPU
		{8D757AF9-1168-4A95-B023-B8A8A8E6AAE2}.Debug|Any CPU.ActiveCfg = Debug|Any CPU
		{8D757AF9-1168-4A95-B023-B8A8A8E6AAE2}.Debug|Any CPU.Build.0 = Debug|Any CPU
		{8D757AF9-1168-4A95-B023-B8A8A8E6AAE2}.Release|Any CPU.ActiveCfg = Release|Any CPU
		{8D757AF9-1168-4A95-B023-B8A8A8E6AAE2}.Release|Any CPU.Build.0 = Release|Any CPU
		{792CADD3-502B-4CAA-A68D-F9C0C730A803}.Debug|Any CPU.ActiveCfg = Debug|Any CPU
		{792CADD3-502B-4CAA-A68D-F9C0C730A803}.Debug|Any CPU.Build.0 = Debug|Any CPU
		{792CADD3-502B-4CAA-A68D-F9C0C730A803}.Release|Any CPU.ActiveCfg = Release|Any CPU
		{792CADD3-502B-4CAA-A68D-F9C0C730A803}.Release|Any CPU.Build.0 = Release|Any CPU
		{227F994E-B15C-4A6A-9D33-0812EAB6760D}.Debug|Any CPU.ActiveCfg = Debug|Any CPU
		{227F994E-B15C-4A6A-9D33-0812EAB6760D}.Debug|Any CPU.Build.0 = Debug|Any CPU
		{227F994E-B15C-4A6A-9D33-0812EAB6760D}.Release|Any CPU.ActiveCfg = Release|Any CPU
		{227F994E-B15C-4A6A-9D33-0812EAB6760D}.Release|Any CPU.Build.0 = Release|Any CPU
		{FF64C417-6780-49D9-9BAD-E344684F8AEE}.Debug|Any CPU.ActiveCfg = Debug|Any CPU
		{FF64C417-6780-49D9-9BAD-E344684F8AEE}.Debug|Any CPU.Build.0 = Debug|Any CPU
		{FF64C417-6780-49D9-9BAD-E344684F8AEE}.Release|Any CPU.ActiveCfg = Release|Any CPU
		{FF64C417-6780-49D9-9BAD-E344684F8AEE}.Release|Any CPU.Build.0 = Release|Any CPU
		{0CB5442B-DFD4-4392-A9FA-C6F0DBFCC41D}.Debug|Any CPU.ActiveCfg = Debug|Any CPU
		{0CB5442B-DFD4-4392-A9FA-C6F0DBFCC41D}.Debug|Any CPU.Build.0 = Debug|Any CPU
		{0CB5442B-DFD4-4392-A9FA-C6F0DBFCC41D}.Release|Any CPU.ActiveCfg = Release|Any CPU
		{0CB5442B-DFD4-4392-A9FA-C6F0DBFCC41D}.Release|Any CPU.Build.0 = Release|Any CPU
		{213D2B5A-E7C5-4087-87AA-CA54E6F0EA4A}.Debug|Any CPU.ActiveCfg = Debug|Any CPU
		{213D2B5A-E7C5-4087-87AA-CA54E6F0EA4A}.Debug|Any CPU.Build.0 = Debug|Any CPU
		{213D2B5A-E7C5-4087-87AA-CA54E6F0EA4A}.Release|Any CPU.ActiveCfg = Release|Any CPU
		{213D2B5A-E7C5-4087-87AA-CA54E6F0EA4A}.Release|Any CPU.Build.0 = Release|Any CPU
		{4732BFF8-C361-48BE-9016-8D904B01A0F8}.Debug|Any CPU.ActiveCfg = Debug|Any CPU
		{4732BFF8-C361-48BE-9016-8D904B01A0F8}.Debug|Any CPU.Build.0 = Debug|Any CPU
		{4732BFF8-C361-48BE-9016-8D904B01A0F8}.Release|Any CPU.ActiveCfg = Release|Any CPU
		{4732BFF8-C361-48BE-9016-8D904B01A0F8}.Release|Any CPU.Build.0 = Release|Any CPU
		{678BB531-8F70-4D81-8E6A-6BA3CD241393}.Debug|Any CPU.ActiveCfg = Debug|Any CPU
		{678BB531-8F70-4D81-8E6A-6BA3CD241393}.Debug|Any CPU.Build.0 = Debug|Any CPU
		{678BB531-8F70-4D81-8E6A-6BA3CD241393}.Release|Any CPU.ActiveCfg = Release|Any CPU
		{678BB531-8F70-4D81-8E6A-6BA3CD241393}.Release|Any CPU.Build.0 = Release|Any CPU
		{0E439280-E706-4FF0-A66D-8507D993538F}.Debug|Any CPU.ActiveCfg = Debug|Any CPU
		{0E439280-E706-4FF0-A66D-8507D993538F}.Debug|Any CPU.Build.0 = Debug|Any CPU
		{0E439280-E706-4FF0-A66D-8507D993538F}.Release|Any CPU.ActiveCfg = Release|Any CPU
		{0E439280-E706-4FF0-A66D-8507D993538F}.Release|Any CPU.Build.0 = Release|Any CPU
		{81B829BE-35BA-4FF7-A355-6191776DE201}.Debug|Any CPU.ActiveCfg = Debug|Any CPU
		{81B829BE-35BA-4FF7-A355-6191776DE201}.Debug|Any CPU.Build.0 = Debug|Any CPU
		{81B829BE-35BA-4FF7-A355-6191776DE201}.Release|Any CPU.ActiveCfg = Release|Any CPU
		{81B829BE-35BA-4FF7-A355-6191776DE201}.Release|Any CPU.Build.0 = Release|Any CPU
		{E9F64361-E7F8-4FF3-94ED-A5A3D1817D0C}.Debug|Any CPU.ActiveCfg = Debug|Any CPU
		{E9F64361-E7F8-4FF3-94ED-A5A3D1817D0C}.Debug|Any CPU.Build.0 = Debug|Any CPU
		{E9F64361-E7F8-4FF3-94ED-A5A3D1817D0C}.Release|Any CPU.ActiveCfg = Release|Any CPU
		{E9F64361-E7F8-4FF3-94ED-A5A3D1817D0C}.Release|Any CPU.Build.0 = Release|Any CPU
		{CB49E871-8AE5-46C1-8F53-2A0325523508}.Debug|Any CPU.ActiveCfg = Debug|Any CPU
		{CB49E871-8AE5-46C1-8F53-2A0325523508}.Debug|Any CPU.Build.0 = Debug|Any CPU
		{CB49E871-8AE5-46C1-8F53-2A0325523508}.Release|Any CPU.ActiveCfg = Release|Any CPU
		{CB49E871-8AE5-46C1-8F53-2A0325523508}.Release|Any CPU.Build.0 = Release|Any CPU
		{9F44A015-1380-409F-ADE6-9AA8D49C5B40}.Debug|Any CPU.ActiveCfg = Debug|Any CPU
		{9F44A015-1380-409F-ADE6-9AA8D49C5B40}.Debug|Any CPU.Build.0 = Debug|Any CPU
		{9F44A015-1380-409F-ADE6-9AA8D49C5B40}.Release|Any CPU.ActiveCfg = Release|Any CPU
		{9F44A015-1380-409F-ADE6-9AA8D49C5B40}.Release|Any CPU.Build.0 = Release|Any CPU
		{3EEC32AF-D67F-453E-B76F-4631A4BFFF3E}.Debug|Any CPU.ActiveCfg = Debug|Any CPU
		{3EEC32AF-D67F-453E-B76F-4631A4BFFF3E}.Debug|Any CPU.Build.0 = Debug|Any CPU
		{3EEC32AF-D67F-453E-B76F-4631A4BFFF3E}.Release|Any CPU.ActiveCfg = Release|Any CPU
		{3EEC32AF-D67F-453E-B76F-4631A4BFFF3E}.Release|Any CPU.Build.0 = Release|Any CPU
		{80C0C7E8-DB86-413B-BB27-AE7EBA126FF3}.Debug|Any CPU.ActiveCfg = Debug|Any CPU
		{80C0C7E8-DB86-413B-BB27-AE7EBA126FF3}.Debug|Any CPU.Build.0 = Debug|Any CPU
		{80C0C7E8-DB86-413B-BB27-AE7EBA126FF3}.Release|Any CPU.ActiveCfg = Release|Any CPU
		{80C0C7E8-DB86-413B-BB27-AE7EBA126FF3}.Release|Any CPU.Build.0 = Release|Any CPU
	EndGlobalSection
	GlobalSection(SolutionProperties) = preSolution
		HideSolutionNode = FALSE
	EndGlobalSection
	GlobalSection(NestedProjects) = preSolution
		{F5EDC68C-7EB2-4166-8B6F-528E6E7164FC} = {979F46E5-969F-4F26-A8E6-A61792A0DF1C}
		{55B91765-C249-4F25-A3C8-74B8EDEFDCA1} = {F5EDC68C-7EB2-4166-8B6F-528E6E7164FC}
		{AD17B238-D762-4E7D-AB0F-FCD933686804} = {55B91765-C249-4F25-A3C8-74B8EDEFDCA1}
		{41AF1562-059E-4A33-950D-90416EAB0454} = {F5EDC68C-7EB2-4166-8B6F-528E6E7164FC}
		{7CAF0FBE-EEA4-49DF-92EE-01649B22BF5B} = {41AF1562-059E-4A33-950D-90416EAB0454}
		{59B5EA78-8EEE-4328-8AEA-54A9C6952D6C} = {F5EDC68C-7EB2-4166-8B6F-528E6E7164FC}
		{98044844-BBF2-4886-AAA7-288B58CFBF1E} = {59B5EA78-8EEE-4328-8AEA-54A9C6952D6C}
		{1E3EE207-22B3-4148-B96A-57318FBCBA49} = {F5EDC68C-7EB2-4166-8B6F-528E6E7164FC}
		{4191B303-B047-4D76-9E87-6A252706591A} = {1E3EE207-22B3-4148-B96A-57318FBCBA49}
		{F6B31814-ED28-4DCE-AD9A-EBDC9BCF7D71} = {F5EDC68C-7EB2-4166-8B6F-528E6E7164FC}
		{B5035B67-E602-45C7-A37D-468AD60C8A3F} = {F6B31814-ED28-4DCE-AD9A-EBDC9BCF7D71}
		{4A7BBDF1-2E0C-475D-AF74-A745D6906523} = {F5EDC68C-7EB2-4166-8B6F-528E6E7164FC}
		{FF34A6DA-11F6-4B53-97C9-647483FFD679} = {4A7BBDF1-2E0C-475D-AF74-A745D6906523}
		{DAA43BA6-545D-4D43-A45E-EBDA44D40248} = {F5EDC68C-7EB2-4166-8B6F-528E6E7164FC}
		{96FB53CE-C6DE-4FAA-B9EC-991BCE4070A5} = {DAA43BA6-545D-4D43-A45E-EBDA44D40248}
		{58C50E08-CEC2-4B5E-9778-6CA425C5B326} = {F5EDC68C-7EB2-4166-8B6F-528E6E7164FC}
		{9C7CBA8A-FE2A-4F21-9B98-B84CDB366D16} = {58C50E08-CEC2-4B5E-9778-6CA425C5B326}
		{2829DF18-5E25-4AD8-82F8-8E99BC97A395} = {F5EDC68C-7EB2-4166-8B6F-528E6E7164FC}
		{4ECC4917-EB23-4E3F-B882-907F6192E1A6} = {2829DF18-5E25-4AD8-82F8-8E99BC97A395}
		{A80476BA-4EA5-4724-82AD-5615EE942654} = {F5EDC68C-7EB2-4166-8B6F-528E6E7164FC}
		{6A8634AE-1A0E-477F-83EF-25BB100B9E87} = {A80476BA-4EA5-4724-82AD-5615EE942654}
		{ED54A16E-ADB3-4BC4-AEA3-A699189F7312} = {F5EDC68C-7EB2-4166-8B6F-528E6E7164FC}
		{198A5454-2E99-4B3C-A925-E4CC3286F777} = {ED54A16E-ADB3-4BC4-AEA3-A699189F7312}
		{C7EA4A5B-406A-4613-9DE3-4286FC0EBD72} = {F5EDC68C-7EB2-4166-8B6F-528E6E7164FC}
		{4DD95E93-4CEC-406F-B196-8F6FCA9DC72D} = {C7EA4A5B-406A-4613-9DE3-4286FC0EBD72}
		{C4394A4A-AFFE-4D79-B250-200538FC96A7} = {F5EDC68C-7EB2-4166-8B6F-528E6E7164FC}
		{080A6889-2D56-4B63-AF46-9297B87BCE1A} = {C4394A4A-AFFE-4D79-B250-200538FC96A7}
		{85D1ADFF-4848-49AB-93F1-5C710F1D0E61} = {F5EDC68C-7EB2-4166-8B6F-528E6E7164FC}
		{B7EADFB2-AA48-40DB-9EB7-A5A5ED5C19B1} = {85D1ADFF-4848-49AB-93F1-5C710F1D0E61}
		{B5186D2E-3611-4CC9-90F1-BC74A4C3C533} = {F5EDC68C-7EB2-4166-8B6F-528E6E7164FC}
		{507E24CA-7C85-4617-B83B-C6ADC027ED0D} = {B5186D2E-3611-4CC9-90F1-BC74A4C3C533}
		{EE948B67-1515-4B01-BA6F-C3E19A3E545A} = {F5EDC68C-7EB2-4166-8B6F-528E6E7164FC}
		{B1CF0A2C-2A0F-4B42-88E5-A06DC67A5463} = {EE948B67-1515-4B01-BA6F-C3E19A3E545A}
		{BEA6A90D-844B-45A4-AF1A-A822535A08D2} = {F5EDC68C-7EB2-4166-8B6F-528E6E7164FC}
		{C24248F6-5BFE-4B75-8BDA-3C0450E5353E} = {BEA6A90D-844B-45A4-AF1A-A822535A08D2}
		{F473C03A-CE6A-4E30-860C-818824F137C3} = {F5EDC68C-7EB2-4166-8B6F-528E6E7164FC}
		{93F93962-7365-4B3A-A83A-F4281C7662BE} = {F473C03A-CE6A-4E30-860C-818824F137C3}
		{4E590E2B-44F3-44AB-B990-F4A1407566EE} = {F5EDC68C-7EB2-4166-8B6F-528E6E7164FC}
		{35ACB4C1-2D65-48DA-8812-11694CBBF453} = {4E590E2B-44F3-44AB-B990-F4A1407566EE}
		{AD6C5D8A-04D1-4CBE-AA3A-CAD8C8E9DDFD} = {F5EDC68C-7EB2-4166-8B6F-528E6E7164FC}
		{642C0D4E-0722-418A-9363-BF710C63C673} = {AD6C5D8A-04D1-4CBE-AA3A-CAD8C8E9DDFD}
		{F2325D10-3DFB-45E7-AC0D-41E3DD469085} = {F5EDC68C-7EB2-4166-8B6F-528E6E7164FC}
		{A2F5E85E-7841-4D96-9CDA-AEDA9F0D75D3} = {F2325D10-3DFB-45E7-AC0D-41E3DD469085}
		{33E3913A-D3F0-4DB3-9322-0CBEE98F1660} = {F5EDC68C-7EB2-4166-8B6F-528E6E7164FC}
		{8E8A4135-42F3-43B0-9270-6E4AC79D9BCF} = {33E3913A-D3F0-4DB3-9322-0CBEE98F1660}
		{60C5A3EB-ABBA-4C86-A899-E982C08EC8EA} = {F5EDC68C-7EB2-4166-8B6F-528E6E7164FC}
		{32AEF78D-3084-4D61-A2DD-C5F4D8201EC5} = {60C5A3EB-ABBA-4C86-A899-E982C08EC8EA}
		{23E02EBE-7061-4FC1-990E-95ED69A991D1} = {60C5A3EB-ABBA-4C86-A899-E982C08EC8EA}
		{9BBAD373-18D0-47ED-BED3-C423818DA8C7} = {F5EDC68C-7EB2-4166-8B6F-528E6E7164FC}
		{0F8D6E90-EB0E-4906-BBCD-F4C137D166AE} = {9BBAD373-18D0-47ED-BED3-C423818DA8C7}
		{DC15E099-2F3C-4772-AFA7-41282EB795BA} = {F5EDC68C-7EB2-4166-8B6F-528E6E7164FC}
		{BC0A6C70-AA7B-43D0-9329-AC5A06455643} = {DC15E099-2F3C-4772-AFA7-41282EB795BA}
		{DC8B1B35-482E-42FA-97F4-ECD7E999EB44} = {F5EDC68C-7EB2-4166-8B6F-528E6E7164FC}
		{34E0A6FF-959D-4597-B62C-00205F5EA804} = {DC8B1B35-482E-42FA-97F4-ECD7E999EB44}
		{FD4BDE62-F407-424D-943E-DE75D704D7C6} = {F5EDC68C-7EB2-4166-8B6F-528E6E7164FC}
		{284D2933-5159-4C10-8852-AB9F4FFEB859} = {FD4BDE62-F407-424D-943E-DE75D704D7C6}
		{1B3DA517-EC51-4F02-A81B-20066311FB2C} = {F5EDC68C-7EB2-4166-8B6F-528E6E7164FC}
		{632062ED-4101-43AE-B58C-4E1D876FACFC} = {1B3DA517-EC51-4F02-A81B-20066311FB2C}
		{C1C6E38D-75C9-4366-859A-87793F605571} = {F5EDC68C-7EB2-4166-8B6F-528E6E7164FC}
		{30FFF56B-B730-488D-805A-D13FD91B290E} = {C1C6E38D-75C9-4366-859A-87793F605571}
		{B5EBA842-E032-4BC3-9E81-851163D82C8D} = {F5EDC68C-7EB2-4166-8B6F-528E6E7164FC}
		{7F394D2B-090F-4514-91CD-355633355076} = {B5EBA842-E032-4BC3-9E81-851163D82C8D}
		{DBCA7233-DE51-43AE-9C46-53F212F7B718} = {F5EDC68C-7EB2-4166-8B6F-528E6E7164FC}
		{9FF63F92-3972-4BD0-98A6-3D43800494CD} = {DBCA7233-DE51-43AE-9C46-53F212F7B718}
		{BEEAA595-B36B-45A2-8678-61B8E3592FE6} = {F5EDC68C-7EB2-4166-8B6F-528E6E7164FC}
		{C8BC872E-9F78-4283-A86A-A1905730C94E} = {BEEAA595-B36B-45A2-8678-61B8E3592FE6}
		{B3E92876-580E-45AF-9DC9-21CD307E5AE5} = {F5EDC68C-7EB2-4166-8B6F-528E6E7164FC}
		{1D2AC3A4-BD00-4F81-B640-216ACFEA3177} = {B3E92876-580E-45AF-9DC9-21CD307E5AE5}
		{B812D625-3A8A-4703-9B10-10C0D2F9E842} = {F5EDC68C-7EB2-4166-8B6F-528E6E7164FC}
		{7D6A5B8B-115C-4244-B33E-8F6147977C87} = {B812D625-3A8A-4703-9B10-10C0D2F9E842}
		{FC661A7A-F2FD-4533-82C4-4DA111B9F874} = {F5EDC68C-7EB2-4166-8B6F-528E6E7164FC}
		{A71F2150-53F0-4B15-90B3-408E35D5AA85} = {FC661A7A-F2FD-4533-82C4-4DA111B9F874}
		{D4984273-C534-4A9F-B0B7-965DB50CB27B} = {F5EDC68C-7EB2-4166-8B6F-528E6E7164FC}
		{F15E2F94-FAB4-4343-B07A-16C39B03339E} = {D4984273-C534-4A9F-B0B7-965DB50CB27B}
		{5D51FC85-647F-4F8C-BF83-56220BD82E8C} = {F5EDC68C-7EB2-4166-8B6F-528E6E7164FC}
		{00ED46A5-7255-4BB5-B54A-192B903E559B} = {5D51FC85-647F-4F8C-BF83-56220BD82E8C}
		{4907213A-27F9-4FA7-8D78-5168C6DDB94F} = {F5EDC68C-7EB2-4166-8B6F-528E6E7164FC}
		{831ED004-594A-43EE-BDBD-1108BBB7567C} = {4907213A-27F9-4FA7-8D78-5168C6DDB94F}
		{1DC5B302-DFCC-4EB9-970D-B1575A1707B9} = {F5EDC68C-7EB2-4166-8B6F-528E6E7164FC}
		{810BDC02-25B1-44BA-AB94-4566502ECCEF} = {1DC5B302-DFCC-4EB9-970D-B1575A1707B9}
		{8A61ED5F-3A97-422B-9A34-BAEDAC0A762D} = {F5EDC68C-7EB2-4166-8B6F-528E6E7164FC}
		{DC62664A-4C11-4589-982E-13709C7E8875} = {8A61ED5F-3A97-422B-9A34-BAEDAC0A762D}
		{724CF42B-A857-4B1D-868A-81626A7447C2} = {F5EDC68C-7EB2-4166-8B6F-528E6E7164FC}
		{643738AE-D7BA-4B61-9992-F3EB87789FEC} = {724CF42B-A857-4B1D-868A-81626A7447C2}
		{35487ACE-91CE-4AAF-958C-A8584F9ADFFF} = {F5EDC68C-7EB2-4166-8B6F-528E6E7164FC}
		{640C9A30-9FC3-4B62-BFA8-CBC8D6E7E208} = {35487ACE-91CE-4AAF-958C-A8584F9ADFFF}
		{20D09EB4-5A32-4021-9D29-3E10313647BA} = {F5EDC68C-7EB2-4166-8B6F-528E6E7164FC}
		{6971486D-AF2A-4C7D-AE27-27CD7866E6B6} = {20D09EB4-5A32-4021-9D29-3E10313647BA}
		{30950B5D-F8B8-4839-B28A-BDC57728F07F} = {F5EDC68C-7EB2-4166-8B6F-528E6E7164FC}
		{EB78918A-A920-411E-B1E8-1E04150C59BC} = {30950B5D-F8B8-4839-B28A-BDC57728F07F}
		{762F41EA-10BF-4E41-A72E-FB6D43813AEB} = {F5EDC68C-7EB2-4166-8B6F-528E6E7164FC}
		{CCE8A547-15E6-4962-B024-15C4B7E1234B} = {762F41EA-10BF-4E41-A72E-FB6D43813AEB}
		{1131009C-5040-40A4-8BA7-777496CEB7C9} = {F5EDC68C-7EB2-4166-8B6F-528E6E7164FC}
		{AAAA07D0-6537-4626-96F9-72C92CA2F5E9} = {1131009C-5040-40A4-8BA7-777496CEB7C9}
		{284AE235-5BEF-4931-A281-52EB82514CD0} = {F5EDC68C-7EB2-4166-8B6F-528E6E7164FC}
		{5D486C9F-AE6D-4E58-964A-4C574DCE499F} = {284AE235-5BEF-4931-A281-52EB82514CD0}
		{5D5D5D93-61BA-4DE6-ACDE-3455631E5165} = {F5EDC68C-7EB2-4166-8B6F-528E6E7164FC}
		{7E941091-7647-475B-BFDC-AC154DFF0C63} = {5D5D5D93-61BA-4DE6-ACDE-3455631E5165}
		{1E712B2A-F345-4630-AB81-58E3D560818A} = {F5EDC68C-7EB2-4166-8B6F-528E6E7164FC}
		{2564BC4A-72A9-46E7-A0CA-AD746643DAE2} = {1E712B2A-F345-4630-AB81-58E3D560818A}
		{C85E772F-7B3A-4A7B-98AE-F4FD993B46FF} = {F5EDC68C-7EB2-4166-8B6F-528E6E7164FC}
		{BBA410F8-F488-4C52-BB73-98C65AE1C4D4} = {C85E772F-7B3A-4A7B-98AE-F4FD993B46FF}
		{D5E7F4F9-42B1-4D56-A179-D7B760992391} = {F5EDC68C-7EB2-4166-8B6F-528E6E7164FC}
		{A322F191-C1E3-4198-9756-E84F8412E6BE} = {D5E7F4F9-42B1-4D56-A179-D7B760992391}
		{844CE97F-BBE5-4507-B07A-4D35DFD8F379} = {F5EDC68C-7EB2-4166-8B6F-528E6E7164FC}
		{8D757AF9-1168-4A95-B023-B8A8A8E6AAE2} = {844CE97F-BBE5-4507-B07A-4D35DFD8F379}
		{A67C7834-98FF-4062-8566-B72B18EA9C70} = {F5EDC68C-7EB2-4166-8B6F-528E6E7164FC}
		{792CADD3-502B-4CAA-A68D-F9C0C730A803} = {A67C7834-98FF-4062-8566-B72B18EA9C70}
		{B180E602-FBA9-4E0C-B23C-939A49546433} = {F5EDC68C-7EB2-4166-8B6F-528E6E7164FC}
		{227F994E-B15C-4A6A-9D33-0812EAB6760D} = {B180E602-FBA9-4E0C-B23C-939A49546433}
		{928BBE04-74C6-46FB-A26C-737A0D2549EA} = {F5EDC68C-7EB2-4166-8B6F-528E6E7164FC}
		{FF64C417-6780-49D9-9BAD-E344684F8AEE} = {928BBE04-74C6-46FB-A26C-737A0D2549EA}
		{847BE3B5-B6DC-47EE-BAA6-D1AB2BD10275} = {F5EDC68C-7EB2-4166-8B6F-528E6E7164FC}
		{0CB5442B-DFD4-4392-A9FA-C6F0DBFCC41D} = {847BE3B5-B6DC-47EE-BAA6-D1AB2BD10275}
		{583B1E68-5DDB-4814-A662-BB04AAC6D203} = {F5EDC68C-7EB2-4166-8B6F-528E6E7164FC}
		{213D2B5A-E7C5-4087-87AA-CA54E6F0EA4A} = {583B1E68-5DDB-4814-A662-BB04AAC6D203}
		{C2D34F83-A77E-4879-88B4-B60C189BC3AE} = {F5EDC68C-7EB2-4166-8B6F-528E6E7164FC}
		{4732BFF8-C361-48BE-9016-8D904B01A0F8} = {C2D34F83-A77E-4879-88B4-B60C189BC3AE}
		{72CFE57A-2B66-4AC1-85F6-6F035DF394FB} = {F5EDC68C-7EB2-4166-8B6F-528E6E7164FC}
		{678BB531-8F70-4D81-8E6A-6BA3CD241393} = {72CFE57A-2B66-4AC1-85F6-6F035DF394FB}
		{45B1F4F1-CAEB-4E33-9C54-6B4443633851} = {F5EDC68C-7EB2-4166-8B6F-528E6E7164FC}
		{0E439280-E706-4FF0-A66D-8507D993538F} = {45B1F4F1-CAEB-4E33-9C54-6B4443633851}
		{A250DE2C-8F26-4C42-A6D4-046C39F2D04C} = {979F46E5-969F-4F26-A8E6-A61792A0DF1C}
		{19A94614-4DF5-4916-808C-D0AE5DEC9EA8} = {A250DE2C-8F26-4C42-A6D4-046C39F2D04C}
		{81B829BE-35BA-4FF7-A355-6191776DE201} = {19A94614-4DF5-4916-808C-D0AE5DEC9EA8}
		{1D2039C6-C5B8-4328-9FD1-C7881933740E} = {A250DE2C-8F26-4C42-A6D4-046C39F2D04C}
		{E9F64361-E7F8-4FF3-94ED-A5A3D1817D0C} = {1D2039C6-C5B8-4328-9FD1-C7881933740E}
		{269C7B9B-D013-4A4F-A899-35300B4A85C8} = {A250DE2C-8F26-4C42-A6D4-046C39F2D04C}
		{CB49E871-8AE5-46C1-8F53-2A0325523508} = {269C7B9B-D013-4A4F-A899-35300B4A85C8}
		{02CCCC8B-4D17-445D-8CA3-D8A8FA3F3ACC} = {A250DE2C-8F26-4C42-A6D4-046C39F2D04C}
		{9F44A015-1380-409F-ADE6-9AA8D49C5B40} = {02CCCC8B-4D17-445D-8CA3-D8A8FA3F3ACC}
		{ED54337A-0807-4856-9D4E-DFB5BC25F594} = {A250DE2C-8F26-4C42-A6D4-046C39F2D04C}
		{3EEC32AF-D67F-453E-B76F-4631A4BFFF3E} = {ED54337A-0807-4856-9D4E-DFB5BC25F594}
		{94A33D1B-6025-4D9C-AAF0-226779428505} = {A250DE2C-8F26-4C42-A6D4-046C39F2D04C}
		{80C0C7E8-DB86-413B-BB27-AE7EBA126FF3} = {94A33D1B-6025-4D9C-AAF0-226779428505}
	EndGlobalSection
	GlobalSection(ExtensibilityGlobals) = postSolution
		SolutionGuid = {F65C1954-BFD6-4020-899F-2CA10731223B}
	EndGlobalSection
EndGlobal
